Microsoft Visual Studio Solution File, Format Version 12.00
# Visual Studio Version 17
VisualStudioVersion = 17.5.2.0
MinimumVisualStudioVersion = 10.0.40219.1
Project("{FAE04EC0-301F-11D3-BF4B-00C04F79EFBC}") = "F2FMassMessage", "F2FMassMessage.csproj", "{43105D25-1ACB-1F67-5B03-74995CB4001E}"
EndProject
Global
	GlobalSection(SolutionConfigurationPlatforms) = preSolution
		Debug|Any CPU = Debug|Any CPU
		Release|Any CPU = Release|Any CPU
	EndGlobalSection
	GlobalSection(ProjectConfigurationPlatforms) = postSolution
		{43105D25-1ACB-1F67-5B03-74995CB4001E}.Debug|Any CPU.ActiveCfg = Debug|Any CPU
		{43105D25-1ACB-1F67-5B03-74995CB4001E}.Debug|Any CPU.Build.0 = Debug|Any CPU
		{43105D25-1ACB-1F67-5B03-74995CB4001E}.Release|Any CPU.ActiveCfg = Release|Any CPU
		{43105D25-1ACB-1F67-5B03-74995CB4001E}.Release|Any CPU.Build.0 = Release|Any CPU
	EndGlobalSection
	GlobalSection(SolutionProperties) = preSolution
		HideSolutionNode = FALSE
	EndGlobalSection
	GlobalSection(ExtensibilityGlobals) = postSolution
		SolutionGuid = {F01EE87B-6E39-44E1-98E2-A3D51A003124}
	EndGlobalSection
EndGlobal
